
Microsoft Visual Studio Solution File, Format Version 12.00
# Visual Studio Version 17
VisualStudioVersion = 17.7.34031.279
MinimumVisualStudioVersion = 10.0.40219.1
Project("{FAE04EC0-301F-11D3-BF4B-00C04F79EFBC}") = "CrudWebApiDapper", "CrudWebApiDapper.csproj", "{F25A666E-EC98-471F-9A61-980F219A8C94}"
EndProject
Global
	GlobalSection(SolutionConfigurationPlatforms) = preSolution
		Debug|Any CPU = Debug|Any CPU
		Release|Any CPU = Release|Any CPU
	EndGlobalSection
	GlobalSection(ProjectConfigurationPlatforms) = postSolution
		{F25A666E-EC98-471F-9A61-980F219A8C94}.Debug|Any CPU.ActiveCfg = Debug|Any CPU
		{F25A666E-EC98-471F-9A61-980F219A8C94}.Debug|Any CPU.Build.0 = Debug|Any CPU
		{F25A666E-EC98-471F-9A61-980F219A8C94}.Release|Any CPU.ActiveCfg = Release|Any CPU
		{F25A666E-EC98-471F-9A61-980F219A8C94}.Release|Any CPU.Build.0 = Release|Any CPU
	EndGlobalSection
	GlobalSection(SolutionProperties) = preSolution
		HideSolutionNode = FALSE
	EndGlobalSection
	GlobalSection(ExtensibilityGlobals) = postSolution
		SolutionGuid = {957E0A9D-1354-40CC-8B4D-DEFF6C5077C2}
	EndGlobalSection
EndGlobal
